{
	"name": "@blueprod/ws-mvc-loader",
	"version": "0.1.1",
	"lockfileVersion": 1,
	"requires": true,
	"dependencies": {
		"@apidevtools/json-schema-ref-parser": {
			"version": "9.0.6",
			"resolved": "https://registry.npmjs.org/@apidevtools/json-schema-ref-parser/-/json-schema-ref-parser-9.0.6.tgz",
			"integrity": "sha512-M3YgsLjI0lZxvrpeGVk9Ap032W6TPQkH6pRAZz81Ac3WUNF79VQooAFnp8umjvVzUmD93NkogxEwbSce7qMsUg==",
			"requires": {
				"@jsdevtools/ono": "^7.1.3",
				"call-me-maybe": "^1.0.1",
				"js-yaml": "^3.13.1"
			}
		},
		"@apidevtools/openapi-schemas": {
			"version": "2.0.4",
			"resolved": "https://registry.npmjs.org/@apidevtools/openapi-schemas/-/openapi-schemas-2.0.4.tgz",
			"integrity": "sha512-ob5c4UiaMYkb24pNhvfSABShAwpREvUGCkqjiz/BX9gKZ32y/S22M+ALIHftTAuv9KsFVSpVdIDzi9ZzFh5TCA=="
		},
		"@apidevtools/swagger-methods": {
			"version": "3.0.2",
			"resolved": "https://registry.npmjs.org/@apidevtools/swagger-methods/-/swagger-methods-3.0.2.tgz",
			"integrity": "sha512-QAkD5kK2b1WfjDS/UQn/qQkbwF31uqRjPTrsCs5ZG9BQGAkjwvqGFjjPqAuzac/IYzpPtRzjCP1WrTuAIjMrXg=="
		},
		"@apidevtools/swagger-parser": {
			"version": "10.0.2",
			"resolved": "https://registry.npmjs.org/@apidevtools/swagger-parser/-/swagger-parser-10.0.2.tgz",
			"integrity": "sha512-JFxcEyp8RlNHgBCE98nwuTkZT6eNFPc1aosWV6wPcQph72TSEEu1k3baJD4/x1qznU+JiDdz8F5pTwabZh+Dhg==",
			"requires": {
				"@apidevtools/json-schema-ref-parser": "^9.0.6",
				"@apidevtools/openapi-schemas": "^2.0.4",
				"@apidevtools/swagger-methods": "^3.0.2",
				"@jsdevtools/ono": "^7.1.3",
				"call-me-maybe": "^1.0.1",
				"z-schema": "^4.2.3"
			}
		},
		"@blueprod/common": {
			"version": "0.3.0",
			"resolved": "https://registry.npmjs.org/@blueprod/common/-/common-0.3.0.tgz",
			"integrity": "sha512-AB3UfhoxgIIlvnhER5zwZy9qawiWrAtjAOBjp4xlgYkSKiYK/qoIEl9HslBs4NTC/Gw21+w99xpwySDxiSvOrQ==",
			"requires": {
				"crypto": "^1.0.1",
				"mkdirp": "^1.0.4",
				"uuid": "^8.1.0",
				"validator": "^13.1.1"
			},
			"dependencies": {
				"validator": {
					"version": "13.7.0",
					"resolved": "https://registry.npmjs.org/validator/-/validator-13.7.0.tgz",
					"integrity": "sha512-nYXQLCBkpJ8X6ltALua9dRrZDHVYxjJ1wgskNt1lH9fzGjs3tgojGSCBjmEPwkWS1y29+DrizMTW19Pr9uB2nw=="
				}
			}
		},
		"@blueprod/config": {
			"version": "0.2.8",
			"resolved": "https://registry.npmjs.org/@blueprod/config/-/config-0.2.8.tgz",
			"integrity": "sha512-sR2LsWVZOy/Q7wlnrWM7yc/NUd66MTqrl8p0QKYSMQVOKErW5tA0AuIO3SV0L4tdPTFCBO6mP1Lk0bdWUi2QxA==",
			"requires": {
				"app-root-path": "^2.2.1",
				"chalk": "^2.4.2",
				"dotenv": "^8.0.0",
				"glob": "^7.1.4",
				"js-yaml": "^3.13.1",
				"lodash": "^4.17.14"
			}
		},
		"@blueprod/logger": {
			"version": "0.1.9",
			"resolved": "https://registry.npmjs.org/@blueprod/logger/-/logger-0.1.9.tgz",
			"integrity": "sha512-D/MP0y1G9Skc2G/3KtwqTXHtdbIj88ihdsGctHD+mYMkUTR51o1aukMCIiH3ke/VQ2yCDLxhXa86/sdOU/564g==",
			"requires": {
				"app-root-path": "^3.0.0",
				"debug": "^4.1.1",
				"lodash": "^4.17.15",
				"logform": "^2.1.2",
				"mkdirp": "^1.0.4",
				"moment": "^2.26.0",
				"winston": "^3.2.1",
				"winston-mongodb": "^5.0.1",
				"winston-transport": "^4.3.0"
			},
			"dependencies": {
				"app-root-path": {
					"version": "3.1.0",
					"resolved": "https://registry.npmjs.org/app-root-path/-/app-root-path-3.1.0.tgz",
					"integrity": "sha512-biN3PwB2gUtjaYy/isrU3aNWI5w+fAfvHkSvCKeQGxhmYpwKFUxudR3Yya+KqVRHBmEDYh+/lTozYCFbmzX4nA=="
				}
			}
		},
		"@colors/colors": {
			"version": "1.5.0",
			"resolved": "https://registry.npmjs.org/@colors/colors/-/colors-1.5.0.tgz",
			"integrity": "sha512-ooWCrlZP11i8GImSjTHYHLkvFDP48nS4+204nGb1RiX/WXYHmJA2III9/e2DWVabCESdW7hBAEzHRqUn9OUVvQ=="
		},
		"@dabh/diagnostics": {
			"version": "2.0.3",
			"resolved": "https://registry.npmjs.org/@dabh/diagnostics/-/diagnostics-2.0.3.tgz",
			"integrity": "sha512-hrlQOIi7hAfzsMqlGSFyVucrx38O+j6wiGOf//H2ecvIEqYN4ADBSS2iLMh5UFyDunCNniUIPk/q3riFv45xRA==",
			"requires": {
				"colorspace": "1.1.x",
				"enabled": "2.0.x",
				"kuler": "^2.0.0"
			}
		},
		"@jsdevtools/ono": {
			"version": "7.1.3",
			"resolved": "https://registry.npmjs.org/@jsdevtools/ono/-/ono-7.1.3.tgz",
			"integrity": "sha512-4JQNk+3mVzK3xh2rqd6RB4J46qUR19azEHBneZyTZM+c456qOrbbM/5xcR8huNCCcbVt7+UmizG6GuUvPvKUYg=="
		},
		"@sailshq/lodash": {
			"version": "3.10.4",
			"resolved": "https://registry.npmjs.org/@sailshq/lodash/-/lodash-3.10.4.tgz",
			"integrity": "sha512-YXJqp9gdHcZKAmBY/WnwFpPtNQp2huD/ME2YMurH2YHJvxrVzYsmpKw/pb7yINArRpp8E++fwbQd3ajYXGA45Q=="
		},
		"ansi-styles": {
			"version": "3.2.1",
			"resolved": "https://registry.npmjs.org/ansi-styles/-/ansi-styles-3.2.1.tgz",
			"integrity": "sha512-VT0ZI6kZRdTh8YyJw3SMbYm/u+NqfsAxEpWO0Pf9sq8/e94WxxOpPKx9FR1FlyCtOVDNOQ+8ntlqFxiRc+r5qA==",
			"requires": {
				"color-convert": "^1.9.0"
			}
		},
		"app-root-path": {
			"version": "2.2.1",
			"resolved": "https://registry.npmjs.org/app-root-path/-/app-root-path-2.2.1.tgz",
			"integrity": "sha512-91IFKeKk7FjfmezPKkwtaRvSpnUc4gDwPAjA1YZ9Gn0q0PPeW+vbeUsZuyDwjI7+QTHhcLen2v25fi/AmhvbJA=="
		},
		"argparse": {
			"version": "1.0.10",
			"resolved": "https://registry.npmjs.org/argparse/-/argparse-1.0.10.tgz",
			"integrity": "sha512-o5Roy6tNG4SL/FOkCAN6RzjiakZS25RLYFrcMttJqbdd8BWrnA+fGz57iN5Pb06pvBGvl5gQ0B48dJlslXvoTg==",
			"requires": {
				"sprintf-js": "~1.0.2"
			}
		},
		"async": {
			"version": "3.2.4",
			"resolved": "https://registry.npmjs.org/async/-/async-3.2.4.tgz",
			"integrity": "sha512-iAB+JbDEGXhyIUavoDl9WP/Jj106Kz9DEn1DPgYw5ruDn0e3Wgi3sKFm55sASdGBNOQB8F59d9qQ7deqrHA8wQ=="
		},
		"balanced-match": {
			"version": "1.0.0",
			"resolved": "https://registry.npmjs.org/balanced-match/-/balanced-match-1.0.0.tgz",
			"integrity": "sha1-ibTRmasr7kneFk6gK4nORi1xt2c="
		},
		"bl": {
			"version": "2.2.1",
			"resolved": "https://registry.npmjs.org/bl/-/bl-2.2.1.tgz",
			"integrity": "sha512-6Pesp1w0DEX1N550i/uGV/TqucVL4AM/pgThFSN/Qq9si1/DF9aIHs1BxD8V/QU0HoeHO6cQRTAuYnLPKq1e4g==",
			"requires": {
				"readable-stream": "^2.3.5",
				"safe-buffer": "^5.1.1"
			},
			"dependencies": {
				"readable-stream": {
					"version": "2.3.7",
					"resolved": "https://registry.npmjs.org/readable-stream/-/readable-stream-2.3.7.tgz",
					"integrity": "sha512-Ebho8K4jIbHAxnuxi7o42OrZgF/ZTNcsZj6nRKyUmkhLFq8CHItp/fy6hQZuZmP/n3yZ9VBUbp4zz/mX8hmYPw==",
					"requires": {
						"core-util-is": "~1.0.0",
						"inherits": "~2.0.3",
						"isarray": "~1.0.0",
						"process-nextick-args": "~2.0.0",
						"safe-buffer": "~5.1.1",
						"string_decoder": "~1.1.1",
						"util-deprecate": "~1.0.1"
					},
					"dependencies": {
						"safe-buffer": {
							"version": "5.1.2",
							"resolved": "https://registry.npmjs.org/safe-buffer/-/safe-buffer-5.1.2.tgz",
							"integrity": "sha512-Gd2UZBJDkXlY7GbJxfsE8/nvKkUEU1G38c1siN6QP6a9PT9MmHB8GnpscSmMJSoF8LOIrt8ud/wPtojys4G6+g=="
						}
					}
				},
				"string_decoder": {
					"version": "1.1.1",
					"resolved": "https://registry.npmjs.org/string_decoder/-/string_decoder-1.1.1.tgz",
					"integrity": "sha512-n/ShnvDi6FHbbVfviro+WojiFzv+s8MPMHBczVePfUpDJLwoLT0ht1l4YwBCbi8pJAveEEdnkHyPyTP/mzRfwg==",
					"requires": {
						"safe-buffer": "~5.1.0"
					},
					"dependencies": {
						"safe-buffer": {
							"version": "5.1.2",
							"resolved": "https://registry.npmjs.org/safe-buffer/-/safe-buffer-5.1.2.tgz",
							"integrity": "sha512-Gd2UZBJDkXlY7GbJxfsE8/nvKkUEU1G38c1siN6QP6a9PT9MmHB8GnpscSmMJSoF8LOIrt8ud/wPtojys4G6+g=="
						}
					}
				}
			}
		},
		"brace-expansion": {
			"version": "1.1.11",
			"resolved": "https://registry.npmjs.org/brace-expansion/-/brace-expansion-1.1.11.tgz",
			"integrity": "sha512-iCuPHDFgrHX7H2vEI/5xpz07zSHB00TpugqhmYtVmMO6518mCuRMoOYFldEBl0g187ufozdaHgWKcYFb61qGiA==",
			"requires": {
				"balanced-match": "^1.0.0",
				"concat-map": "0.0.1"
			}
		},
		"bson": {
			"version": "1.1.6",
			"resolved": "https://registry.npmjs.org/bson/-/bson-1.1.6.tgz",
			"integrity": "sha512-EvVNVeGo4tHxwi8L6bPj3y3itEvStdwvvlojVxxbyYfoaxJ6keLgrTuKdyfEAszFK+H3olzBuafE0yoh0D1gdg=="
		},
		"call-me-maybe": {
			"version": "1.0.1",
			"resolved": "https://registry.npmjs.org/call-me-maybe/-/call-me-maybe-1.0.1.tgz",
			"integrity": "sha1-JtII6onje1y95gJQoV8DHBak1ms="
		},
		"chalk": {
			"version": "2.4.2",
			"resolved": "https://registry.npmjs.org/chalk/-/chalk-2.4.2.tgz",
			"integrity": "sha512-Mti+f9lpJNcwF4tWV8/OrTTtF1gZi+f8FqlyAdouralcFWFQWF2+NgCHShjkCb+IFBLq9buZwE1xckQU4peSuQ==",
			"requires": {
				"ansi-styles": "^3.2.1",
				"escape-string-regexp": "^1.0.5",
				"supports-color": "^5.3.0"
			}
		},
		"color": {
			"version": "3.2.1",
			"resolved": "https://registry.npmjs.org/color/-/color-3.2.1.tgz",
			"integrity": "sha512-aBl7dZI9ENN6fUGC7mWpMTPNHmWUSNan9tuWN6ahh5ZLNk9baLJOnSMlrQkHcrfFgz2/RigjUVAjdx36VcemKA==",
			"requires": {
				"color-convert": "^1.9.3",
				"color-string": "^1.6.0"
			}
		},
		"color-convert": {
			"version": "1.9.3",
			"resolved": "https://registry.npmjs.org/color-convert/-/color-convert-1.9.3.tgz",
			"integrity": "sha512-QfAUtd+vFdAtFQcC8CCyYt1fYWxSqAiK2cSD6zDB8N3cpsEBAvRxp9zOGg6G/SHHJYAT88/az/IuDGALsNVbGg==",
			"requires": {
				"color-name": "1.1.3"
			}
		},
		"color-name": {
			"version": "1.1.3",
			"resolved": "https://registry.npmjs.org/color-name/-/color-name-1.1.3.tgz",
			"integrity": "sha512-72fSenhMw2HZMTVHeCA9KCmpEIbzWiQsjN+BHcBbS9vr1mtt+vJjPdksIBNUmKAW8TFUDPJK5SUU3QhE9NEXDw=="
		},
		"color-string": {
			"version": "1.9.1",
			"resolved": "https://registry.npmjs.org/color-string/-/color-string-1.9.1.tgz",
			"integrity": "sha512-shrVawQFojnZv6xM40anx4CkoDP+fZsw/ZerEMsW/pyzsRbElpsL/DBVW7q3ExxwusdNXI3lXpuhEZkzs8p5Eg==",
			"requires": {
				"color-name": "^1.0.0",
				"simple-swizzle": "^0.2.2"
			}
		},
		"colorspace": {
			"version": "1.1.4",
			"resolved": "https://registry.npmjs.org/colorspace/-/colorspace-1.1.4.tgz",
			"integrity": "sha512-BgvKJiuVu1igBUF2kEjRCZXol6wiiGbY5ipL/oVPwm0BL9sIpMIzM8IK7vwuxIIzOXMV3Ey5w+vxhm0rR/TN8w==",
			"requires": {
				"color": "^3.1.3",
				"text-hex": "1.0.x"
			}
		},
		"commander": {
			"version": "6.2.0",
			"resolved": "https://registry.npmjs.org/commander/-/commander-6.2.0.tgz",
			"integrity": "sha512-zP4jEKbe8SHzKJYQmq8Y9gYjtO/POJLgIdKgV7B9qNmABVFVc+ctqSX6iXh4mCpJfRBOabiZ2YKPg8ciDw6C+Q=="
		},
		"concat-map": {
			"version": "0.0.1",
			"resolved": "https://registry.npmjs.org/concat-map/-/concat-map-0.0.1.tgz",
			"integrity": "sha1-2Klr13/Wjfd5OnMDajug1UBdR3s="
		},
		"core-util-is": {
			"version": "1.0.3",
			"resolved": "https://registry.npmjs.org/core-util-is/-/core-util-is-1.0.3.tgz",
			"integrity": "sha512-ZQBvi1DcpJ4GDqanjucZ2Hj3wEO5pZDS89BWbkcrvdxksJorwUDDZamX9ldFkp9aw2lmBDLgkObEA4DWNJ9FYQ=="
		},
		"crypto": {
			"version": "1.0.1",
			"resolved": "https://registry.npmjs.org/crypto/-/crypto-1.0.1.tgz",
			"integrity": "sha512-VxBKmeNcqQdiUQUW2Tzq0t377b54N2bMtXO/qiLa+6eRRmmC4qT3D4OnTGoT/U6O9aklQ/jTwbOtRMTTY8G0Ig=="
		},
		"debug": {
			"version": "4.3.1",
			"resolved": "https://registry.npmjs.org/debug/-/debug-4.3.1.tgz",
			"integrity": "sha512-doEwdvm4PCeK4K3RQN2ZC2BYUBaxwLARCqZmMjtF8a51J2Rb0xpVloFRnCODwqjpwnAoao4pelN8l3RJdv3gRQ==",
			"requires": {
				"ms": "2.1.2"
			}
		},
		"denque": {
			"version": "1.5.1",
			"resolved": "https://registry.npmjs.org/denque/-/denque-1.5.1.tgz",
			"integrity": "sha512-XwE+iZ4D6ZUB7mfYRMb5wByE8L74HCn30FBN7sWnXksWc1LO1bPDl67pBR9o/kC4z/xSNAwkMYcGgqDV3BE3Hw=="
		},
		"doctrine": {
			"version": "3.0.0",
			"resolved": "https://registry.npmjs.org/doctrine/-/doctrine-3.0.0.tgz",
			"integrity": "sha512-yS+Q5i3hBf7GBkd4KG8a7eBNNWNGLTaEwwYWUijIYM7zrlYDM0BFXHjjPWlWZ1Rg7UaddZeIDmi9jF3HmqiQ2w==",
			"requires": {
				"esutils": "^2.0.2"
			}
		},
		"dotenv": {
			"version": "8.6.0",
			"resolved": "https://registry.npmjs.org/dotenv/-/dotenv-8.6.0.tgz",
			"integrity": "sha512-IrPdXQsk2BbzvCBGBOTmmSH5SodmqZNt4ERAZDmW4CT+tL8VtvinqywuANaFu4bOMWki16nqf0e4oC0QIaDr/g=="
		},
		"enabled": {
			"version": "2.0.0",
			"resolved": "https://registry.npmjs.org/enabled/-/enabled-2.0.0.tgz",
			"integrity": "sha512-AKrN98kuwOzMIdAizXGI86UFBoo26CL21UM763y1h/GMSJ4/OHU9k2YlsmBpyScFo/wbLzWQJBMCW4+IO3/+OQ=="
		},
		"escape-string-regexp": {
			"version": "1.0.5",
			"resolved": "https://registry.npmjs.org/escape-string-regexp/-/escape-string-regexp-1.0.5.tgz",
			"integrity": "sha512-vbRorB5FUQWvla16U8R/qgaFIya2qGzwDrNmCZuYKrbdSUMG6I1ZCGQRefkRVhuOkIGVne7BQ35DSfo1qvJqFg=="
		},
		"esprima": {
			"version": "4.0.1",
			"resolved": "https://registry.npmjs.org/esprima/-/esprima-4.0.1.tgz",
			"integrity": "sha512-eGuFFw7Upda+g4p+QHvnW0RyTX/SVeJBDM/gCtMARO0cLuT2HcEKnTPvhjV6aGeqrCB/sbNop0Kszm0jsaWU4A=="
		},
		"esutils": {
			"version": "2.0.3",
			"resolved": "https://registry.npmjs.org/esutils/-/esutils-2.0.3.tgz",
			"integrity": "sha512-kVscqXk4OCp68SZ0dkgEKVi6/8ij300KBWTJq32P/dYeWTSwK41WyTxalN1eRmA5Z9UU/LX9D7FWSmV9SAYx6g=="
		},
		"fecha": {
			"version": "4.2.3",
			"resolved": "https://registry.npmjs.org/fecha/-/fecha-4.2.3.tgz",
			"integrity": "sha512-OP2IUU6HeYKJi3i0z4A19kHMQoLVs4Hc+DPqqxI2h/DPZHTm/vjsfC6P0b4jCMy14XizLBqvndQ+UilD7707Jw=="
		},
		"fn.name": {
			"version": "1.1.0",
			"resolved": "https://registry.npmjs.org/fn.name/-/fn.name-1.1.0.tgz",
			"integrity": "sha512-GRnmB5gPyJpAhTQdSZTSp9uaPSvl09KoYcMQtsB9rQoOmzs9dH6ffeccH+Z+cv6P68Hu5bC6JjRh4Ah/mHSNRw=="
		},
		"fs.realpath": {
			"version": "1.0.0",
			"resolved": "https://registry.npmjs.org/fs.realpath/-/fs.realpath-1.0.0.tgz",
			"integrity": "sha1-FQStJSMVjKpA20onh8sBQRmU6k8="
		},
		"glob": {
			"version": "7.1.6",
			"resolved": "https://registry.npmjs.org/glob/-/glob-7.1.6.tgz",
			"integrity": "sha512-LwaxwyZ72Lk7vZINtNNrywX0ZuLyStrdDtabefZKAY5ZGJhVtgdznluResxNmPitE0SAO+O26sWTHeKSI2wMBA==",
			"requires": {
				"fs.realpath": "^1.0.0",
				"inflight": "^1.0.4",
				"inherits": "2",
				"minimatch": "^3.0.4",
				"once": "^1.3.0",
				"path-is-absolute": "^1.0.0"
			}
		},
		"has-flag": {
			"version": "3.0.0",
			"resolved": "https://registry.npmjs.org/has-flag/-/has-flag-3.0.0.tgz",
			"integrity": "sha512-sKJf1+ceQBr4SMkvQnBDNDtf4TXpVhVGateu0t918bl30FnbE2m4vNLX+VWe/dpjlb+HugGYzW7uQXH98HPEYw=="
		},
		"include-all": {
			"version": "4.0.3",
			"resolved": "https://registry.npmjs.org/include-all/-/include-all-4.0.3.tgz",
			"integrity": "sha1-ZfBujxGJSxp7XsH8l+azOS98+nU=",
			"requires": {
				"@sailshq/lodash": "^3.10.2",
				"merge-dictionaries": "^0.0.3"
			}
		},
		"inflight": {
			"version": "1.0.6",
			"resolved": "https://registry.npmjs.org/inflight/-/inflight-1.0.6.tgz",
			"integrity": "sha1-Sb1jMdfQLQwJvJEKEHW6gWW1bfk=",
			"requires": {
				"once": "^1.3.0",
				"wrappy": "1"
			}
		},
		"inherits": {
			"version": "2.0.4",
			"resolved": "https://registry.npmjs.org/inherits/-/inherits-2.0.4.tgz",
			"integrity": "sha512-k/vGaX4/Yla3WzyMCvTQOXYeIHvqOKtnqBduzTHpzpQZzAskKMhZ2K+EnBiSM9zGSoIFeMpXKxa4dYeZIQqewQ=="
		},
		"is-arrayish": {
			"version": "0.3.2",
			"resolved": "https://registry.npmjs.org/is-arrayish/-/is-arrayish-0.3.2.tgz",
			"integrity": "sha512-eVRqCvVlZbuw3GrM63ovNSNAeA1K16kaR/LRY/92w0zxQ5/1YzwblUX652i4Xs9RwAGjW9d9y6X88t8OaAJfWQ=="
		},
		"is-stream": {
			"version": "2.0.1",
			"resolved": "https://registry.npmjs.org/is-stream/-/is-stream-2.0.1.tgz",
			"integrity": "sha512-hFoiJiTl63nn+kstHGBtewWSKnQLpyb155KHheA1l39uvtO9nWIop1p3udqPcUd/xbF1VLMO4n7OI6p7RbngDg=="
		},
		"isarray": {
			"version": "1.0.0",
			"resolved": "https://registry.npmjs.org/isarray/-/isarray-1.0.0.tgz",
			"integrity": "sha512-VLghIWNM6ELQzo7zwmcg0NmTVyWKYjvIeM83yjp0wRDTmUnrM678fQbcKBo6n2CJEF0szoG//ytg+TKla89ALQ=="
		},
		"js-yaml": {
			"version": "3.14.1",
			"resolved": "https://registry.npmjs.org/js-yaml/-/js-yaml-3.14.1.tgz",
			"integrity": "sha512-okMH7OXXJ7YrN9Ok3/SXrnu4iX9yOk+25nqX4imS2npuvTYDmo/QEZoqwZkYaIDk3jVvBOTOIEgEhaLOynBS9g==",
			"requires": {
				"argparse": "^1.0.7",
				"esprima": "^4.0.0"
			}
		},
		"kuler": {
			"version": "2.0.0",
			"resolved": "https://registry.npmjs.org/kuler/-/kuler-2.0.0.tgz",
			"integrity": "sha512-Xq9nH7KlWZmXAtodXDDRE7vs6DU1gTU8zYDHDiWLSip45Egwq3plLHzPn27NgvzL2r1LMPC1vdqh98sQxtqj4A=="
		},
		"lodash": {
			"version": "4.17.20",
			"resolved": "https://registry.npmjs.org/lodash/-/lodash-4.17.20.tgz",
			"integrity": "sha512-PlhdFcillOINfeV7Ni6oF1TAEayyZBoZ8bcshTHqOYJYlrqzRK5hagpagky5o4HfCzzd1TRkXPMFq6cKk9rGmA=="
		},
		"lodash.get": {
			"version": "4.4.2",
			"resolved": "https://registry.npmjs.org/lodash.get/-/lodash.get-4.4.2.tgz",
			"integrity": "sha1-LRd/ZS+jHpObRDjVNBSZ36OCXpk="
		},
		"lodash.isequal": {
			"version": "4.5.0",
			"resolved": "https://registry.npmjs.org/lodash.isequal/-/lodash.isequal-4.5.0.tgz",
			"integrity": "sha1-QVxEePK8wwEgwizhDtMib30+GOA="
		},
		"logform": {
			"version": "2.4.2",
			"resolved": "https://registry.npmjs.org/logform/-/logform-2.4.2.tgz",
			"integrity": "sha512-W4c9himeAwXEdZ05dQNerhFz2XG80P9Oj0loPUMV23VC2it0orMHQhJm4hdnnor3rd1HsGf6a2lPwBM1zeXHGw==",
			"requires": {
				"@colors/colors": "1.5.0",
				"fecha": "^4.2.0",
				"ms": "^2.1.1",
				"safe-stable-stringify": "^2.3.1",
				"triple-beam": "^1.3.0"
			}
		},
		"memory-pager": {
			"version": "1.5.0",
			"resolved": "https://registry.npmjs.org/memory-pager/-/memory-pager-1.5.0.tgz",
			"integrity": "sha512-ZS4Bp4r/Zoeq6+NLJpP+0Zzm0pR8whtGPf1XExKLJBAczGMnSi3It14OiNCStjQjM6NU1okjQGSxgEZN8eBYKg==",
			"optional": true
		},
		"merge-dictionaries": {
			"version": "0.0.3",
			"resolved": "https://registry.npmjs.org/merge-dictionaries/-/merge-dictionaries-0.0.3.tgz",
			"integrity": "sha1-xN5NWNuyXkwoI6owy44VOQaet1c=",
			"requires": {
				"@sailshq/lodash": "^3.10.2"
			}
		},
		"minimatch": {
			"version": "3.1.2",
			"resolved": "https://registry.npmjs.org/minimatch/-/minimatch-3.1.2.tgz",
			"integrity": "sha512-J7p63hRiAjw1NDEww1W7i37+ByIrOWO5XQQAzZ3VOcL0PNybwpfmV/N05zFAzwQ9USyEcX6t3UO+K5aqBQOIHw==",
			"requires": {
				"brace-expansion": "^1.1.7"
			}
		},
		"mkdirp": {
			"version": "1.0.4",
			"resolved": "https://registry.npmjs.org/mkdirp/-/mkdirp-1.0.4.tgz",
			"integrity": "sha512-vVqVZQyf3WLx2Shd0qJ9xuvqgAyKPLAiqITEtqW0oIUjzo3PePDd6fW9iFz30ef7Ysp/oiWqbhszeGWW2T6Gzw=="
		},
		"moment": {
			"version": "2.29.4",
			"resolved": "https://registry.npmjs.org/moment/-/moment-2.29.4.tgz",
			"integrity": "sha512-5LC9SOxjSc2HF6vO2CyuTDNivEdoz2IvyJJGj6X8DJ0eFyfszE0QiEd+iXmBvUP3WHxSjFH/vIsA0EN00cgr8w=="
		},
		"mongodb": {
			"version": "3.7.3",
			"resolved": "https://registry.npmjs.org/mongodb/-/mongodb-3.7.3.tgz",
			"integrity": "sha512-Psm+g3/wHXhjBEktkxXsFMZvd3nemI0r3IPsE0bU+4//PnvNWKkzhZcEsbPcYiWqe8XqXJJEg4Tgtr7Raw67Yw==",
			"requires": {
				"bl": "^2.2.1",
				"bson": "^1.1.4",
				"denque": "^1.4.1",
				"optional-require": "^1.1.8",
				"safe-buffer": "^5.1.2",
				"saslprep": "^1.0.0"
			}
		},
		"ms": {
			"version": "2.1.2",
			"resolved": "https://registry.npmjs.org/ms/-/ms-2.1.2.tgz",
			"integrity": "sha512-sGkPx+VjMtmA6MX27oA4FBFELFCZZ4S4XqeGOXCv68tT+jb3vk/RyaKWP0PTKyWtmLSM0b+adUTEvbs1PEaH2w=="
		},
		"once": {
			"version": "1.4.0",
			"resolved": "https://registry.npmjs.org/once/-/once-1.4.0.tgz",
			"integrity": "sha1-WDsap3WWHUsROsF9nFC6753Xa9E=",
			"requires": {
				"wrappy": "1"
			}
		},
		"one-time": {
			"version": "1.0.0",
			"resolved": "https://registry.npmjs.org/one-time/-/one-time-1.0.0.tgz",
			"integrity": "sha512-5DXOiRKwuSEcQ/l0kGCF6Q3jcADFv5tSmRaJck/OqkVFcOzutB134KRSfF0xDrL39MNnqxbHBbUUcjZIhTgb2g==",
			"requires": {
				"fn.name": "1.x.x"
			}
		},
		"optional-require": {
			"version": "1.1.8",
			"resolved": "https://registry.npmjs.org/optional-require/-/optional-require-1.1.8.tgz",
			"integrity": "sha512-jq83qaUb0wNg9Krv1c5OQ+58EK+vHde6aBPzLvPPqJm89UQWsvSuFy9X/OSNJnFeSOKo7btE0n8Nl2+nE+z5nA==",
			"requires": {
				"require-at": "^1.0.6"
			}
		},
		"path-is-absolute": {
			"version": "1.0.1",
			"resolved": "https://registry.npmjs.org/path-is-absolute/-/path-is-absolute-1.0.1.tgz",
			"integrity": "sha1-F0uSaHNVNP+8es5r9TpanhtcX18="
		},
		"process-nextick-args": {
			"version": "2.0.1",
			"resolved": "https://registry.npmjs.org/process-nextick-args/-/process-nextick-args-2.0.1.tgz",
			"integrity": "sha512-3ouUOpQhtgrbOa17J7+uxOTpITYWaGP7/AhoR3+A+/1e9skrzelGi/dXzEYyvbxubEF6Wn2ypscTKiKJFFn1ag=="
		},
		"readable-stream": {
			"version": "3.6.0",
			"resolved": "https://registry.npmjs.org/readable-stream/-/readable-stream-3.6.0.tgz",
			"integrity": "sha512-BViHy7LKeTz4oNnkcLJ+lVSL6vpiFeX6/d3oSH8zCW7UxP2onchk+vTGB143xuFjHS3deTgkKoXXymXqymiIdA==",
			"requires": {
				"inherits": "^2.0.3",
				"string_decoder": "^1.1.1",
				"util-deprecate": "^1.0.1"
			}
		},
		"require-at": {
			"version": "1.0.6",
			"resolved": "https://registry.npmjs.org/require-at/-/require-at-1.0.6.tgz",
			"integrity": "sha512-7i1auJbMUrXEAZCOQ0VNJgmcT2VOKPRl2YGJwgpHpC9CE91Mv4/4UYIUm4chGJaI381ZDq1JUicFii64Hapd8g=="
		},
		"safe-buffer": {
			"version": "5.2.1",
			"resolved": "https://registry.npmjs.org/safe-buffer/-/safe-buffer-5.2.1.tgz",
			"integrity": "sha512-rp3So07KcdmmKbGvgaNxQSJr7bGVSVk5S9Eq1F+ppbRo70+YeaDxkw5Dd8NPN+GD6bjnYm2VuPuCXmpuYvmCXQ=="
		},
		"safe-stable-stringify": {
			"version": "2.4.1",
			"resolved": "https://registry.npmjs.org/safe-stable-stringify/-/safe-stable-stringify-2.4.1.tgz",
			"integrity": "sha512-dVHE6bMtS/bnL2mwualjc6IxEv1F+OCUpA46pKUj6F8uDbUM0jCCulPqRNPSnWwGNKx5etqMjZYdXtrm5KJZGA=="
		},
		"saslprep": {
			"version": "1.0.3",
			"resolved": "https://registry.npmjs.org/saslprep/-/saslprep-1.0.3.tgz",
			"integrity": "sha512-/MY/PEMbk2SuY5sScONwhUDsV2p77Znkb/q3nSVstq/yQzYJOH/Azh29p9oJLsl3LnQwSvZDKagDGBsBwSooag==",
			"optional": true,
			"requires": {
				"sparse-bitfield": "^3.0.3"
			}
		},
		"simple-swizzle": {
			"version": "0.2.2",
			"resolved": "https://registry.npmjs.org/simple-swizzle/-/simple-swizzle-0.2.2.tgz",
			"integrity": "sha512-JA//kQgZtbuY83m+xT+tXJkmJncGMTFT+C+g2h2R9uxkYIrE2yy9sgmcLhCnw57/WSD+Eh3J97FPEDFnbXnDUg==",
			"requires": {
				"is-arrayish": "^0.3.1"
			}
		},
		"sparse-bitfield": {
			"version": "3.0.3",
			"resolved": "https://registry.npmjs.org/sparse-bitfield/-/sparse-bitfield-3.0.3.tgz",
			"integrity": "sha512-kvzhi7vqKTfkh0PZU+2D2PIllw2ymqJKujUcyPMd9Y75Nv4nPbGJZXNhxsgdQab2BmlDct1YnfQCguEvHr7VsQ==",
			"optional": true,
			"requires": {
				"memory-pager": "^1.0.2"
			}
		},
		"sprintf-js": {
			"version": "1.0.3",
			"resolved": "https://registry.npmjs.org/sprintf-js/-/sprintf-js-1.0.3.tgz",
			"integrity": "sha1-BOaSb2YolTVPPdAVIDYzuFcpfiw="
		},
		"stack-trace": {
			"version": "0.0.10",
			"resolved": "https://registry.npmjs.org/stack-trace/-/stack-trace-0.0.10.tgz",
			"integrity": "sha512-KGzahc7puUKkzyMt+IqAep+TVNbKP+k2Lmwhub39m1AsTSkaDutx56aDCo+HLDzf/D26BIHTJWNiTG1KAJiQCg=="
		},
		"string_decoder": {
			"version": "1.3.0",
			"resolved": "https://registry.npmjs.org/string_decoder/-/string_decoder-1.3.0.tgz",
			"integrity": "sha512-hkRX8U1WjJFd8LsDJ2yQ/wWWxaopEsABU1XfkM8A+j0+85JAGppt16cr1Whg6KIbb4okU6Mql6BOj+uup/wKeA==",
			"requires": {
				"safe-buffer": "~5.2.0"
			}
		},
		"supports-color": {
			"version": "5.5.0",
			"resolved": "https://registry.npmjs.org/supports-color/-/supports-color-5.5.0.tgz",
			"integrity": "sha512-QjVjwdXIt408MIiAqCX4oUKsgU2EqAGzs2Ppkm4aQYbjm+ZEWEcW4SfFNTr4uMNZma0ey4f5lgLrkB0aX0QMow==",
			"requires": {
				"has-flag": "^3.0.0"
			}
		},
		"swagger-jsdoc": {
			"version": "4.3.2",
			"resolved": "https://registry.npmjs.org/swagger-jsdoc/-/swagger-jsdoc-4.3.2.tgz",
			"integrity": "sha512-GK+J0LftvEurROVi70bMiIrd/A7pJD2AiI8faMkznsuyokGEu8WCdFsuZhmcE0XQt8hP/UTTkHEZpe3pS1eUjw==",
			"requires": {
				"commander": "6.2.0",
				"doctrine": "3.0.0",
				"glob": "7.1.6",
				"js-yaml": "3.14.0",
				"swagger-parser": "10.0.2"
			},
			"dependencies": {
				"js-yaml": {
					"version": "3.14.0",
					"resolved": "https://registry.npmjs.org/js-yaml/-/js-yaml-3.14.0.tgz",
					"integrity": "sha512-/4IbIeHcD9VMHFqDR/gQ7EdZdLimOvW2DdcxFjdyyZ9NsbS+ccrXqVWDtab/lRl5AlUqmpBx8EhPaWR+OtY17A==",
					"requires": {
						"argparse": "^1.0.7",
						"esprima": "^4.0.0"
					}
				}
			}
		},
		"swagger-parser": {
			"version": "10.0.2",
			"resolved": "https://registry.npmjs.org/swagger-parser/-/swagger-parser-10.0.2.tgz",
			"integrity": "sha512-9jHkHM+QXyLGFLk1DkXBwV+4HyNm0Za3b8/zk/+mjr8jgOSiqm3FOTHBSDsBjtn9scdL+8eWcHdupp2NLM8tDw==",
			"requires": {
				"@apidevtools/swagger-parser": "10.0.2"
			}
		},
		"text-hex": {
			"version": "1.0.0",
			"resolved": "https://registry.npmjs.org/text-hex/-/text-hex-1.0.0.tgz",
			"integrity": "sha512-uuVGNWzgJ4yhRaNSiubPY7OjISw4sw4E5Uv0wbjp+OzcbmVU/rsT8ujgcXJhn9ypzsgr5vlzpPqP+MBBKcGvbg=="
		},
		"triple-beam": {
			"version": "1.3.0",
			"resolved": "https://registry.npmjs.org/triple-beam/-/triple-beam-1.3.0.tgz",
			"integrity": "sha512-XrHUvV5HpdLmIj4uVMxHggLbFSZYIn7HEWsqePZcI50pco+MPqJ50wMGY794X7AOOhxOBAjbkqfAbEe/QMp2Lw=="
		},
		"util-deprecate": {
			"version": "1.0.2",
			"resolved": "https://registry.npmjs.org/util-deprecate/-/util-deprecate-1.0.2.tgz",
			"integrity": "sha512-EPD5q1uXyFxJpCrLnCc1nHnq3gOa6DZBocAIiI2TaSCA7VCJ1UJDMagCzIkXNsUYfD1daK//LTEQ8xiIbrHtcw=="
		},
		"uuid": {
			"version": "8.3.2",
			"resolved": "https://registry.npmjs.org/uuid/-/uuid-8.3.2.tgz",
			"integrity": "sha512-+NYs2QeMWy+GWFOEm9xnn6HCDp0l7QBD7ml8zLUmJ+93Q5NF0NocErnwkTkXVFNiX3/fpC6afS8Dhb/gz7R7eg=="
		},
		"validator": {
			"version": "12.2.0",
			"resolved": "https://registry.npmjs.org/validator/-/validator-12.2.0.tgz",
			"integrity": "sha512-jJfE/DW6tIK1Ek8nCfNFqt8Wb3nzMoAbocBF6/Icgg1ZFSBpObdnwVY2jQj6qUqzhx5jc71fpvBWyLGO7Xl+nQ=="
		},
		"winston": {
			"version": "3.8.2",
			"resolved": "https://registry.npmjs.org/winston/-/winston-3.8.2.tgz",
			"integrity": "sha512-MsE1gRx1m5jdTTO9Ld/vND4krP2To+lgDoMEHGGa4HIlAUyXJtfc7CxQcGXVyz2IBpw5hbFkj2b/AtUdQwyRew==",
			"requires": {
				"@colors/colors": "1.5.0",
				"@dabh/diagnostics": "^2.0.2",
				"async": "^3.2.3",
				"is-stream": "^2.0.0",
				"logform": "^2.4.0",
				"one-time": "^1.0.0",
				"readable-stream": "^3.4.0",
				"safe-stable-stringify": "^2.3.1",
				"stack-trace": "0.0.x",
				"triple-beam": "^1.3.0",
				"winston-transport": "^4.5.0"
			}
		},
		"winston-mongodb": {
			"version": "5.1.0",
			"resolved": "https://registry.npmjs.org/winston-mongodb/-/winston-mongodb-5.1.0.tgz",
			"integrity": "sha512-WSL8DPQT5yqZmB+06fU2t++5sf+AQNDJ9ylFI23NO8nz30fV+eqR61mDIyEDL77aL4GVRN8OGgiLdP9SJcQqug==",
			"requires": {
				"mongodb": "^3.6.2",
				"winston-transport": "^4.4.0"
			}
		},
		"winston-transport": {
			"version": "4.5.0",
			"resolved": "https://registry.npmjs.org/winston-transport/-/winston-transport-4.5.0.tgz",
			"integrity": "sha512-YpZzcUzBedhlTAfJg6vJDlyEai/IFMIVcaEZZyl3UXIl4gmqRpU7AE89AHLkbzLUsv0NVmw7ts+iztqKxxPW1Q==",
			"requires": {
				"logform": "^2.3.2",
				"readable-stream": "^3.6.0",
				"triple-beam": "^1.3.0"
			}
		},
		"wrappy": {
			"version": "1.0.2",
			"resolved": "https://registry.npmjs.org/wrappy/-/wrappy-1.0.2.tgz",
			"integrity": "sha1-tSQ9jz7BqjXxNkYFvA0QNuMKtp8="
		},
		"z-schema": {
			"version": "4.2.3",
			"resolved": "https://registry.npmjs.org/z-schema/-/z-schema-4.2.3.tgz",
			"integrity": "sha512-zkvK/9TC6p38IwcrbnT3ul9in1UX4cm1y/VZSs4GHKIiDCrlafc+YQBgQBUdDXLAoZHf2qvQ7gJJOo6yT1LH6A==",
			"requires": {
				"commander": "^2.7.1",
				"lodash.get": "^4.4.2",
				"lodash.isequal": "^4.5.0",
				"validator": "^12.0.0"
			},
			"dependencies": {
				"commander": {
					"version": "2.20.3",
					"resolved": "https://registry.npmjs.org/commander/-/commander-2.20.3.tgz",
					"integrity": "sha512-GpVkmM8vF2vQUkj2LvZmD35JxeJOLCwJ9cUkugyk2nuhbv3+mJvpLYYt+0+USMxE+oj+ey/lJEnhZw75x/OMcQ==",
					"optional": true
				}
			}
		}
	}
}
